// !$*UTF8*$!
{
	archiveVersion = 1;
	classes = {
	};
	objectVersion = 56;
	objects = {

/* Begin PBXBuildFile section */
		AA4A96BD2BBDD2120002A7ED /* SongRowCell.swift in Sources */ = {isa = PBXBuildFile; fileRef = AA4A96BC2BBDD2120002A7ED /* SongRowCell.swift */; };
		AA4A96BF2BBE3E6D0002A7ED /* UINavigationController-SwipeToDismiss.swift in Sources */ = {isa = PBXBuildFile; fileRef = AA4A96BE2BBE3E6D0002A7ED /* UINavigationController-SwipeToDismiss.swift */; };
		AA4A96C12BBF88DC0002A7ED /* YourTopMixesGridItem.swift in Sources */ = {isa = PBXBuildFile; fileRef = AA4A96C02BBF88DC0002A7ED /* YourTopMixesGridItem.swift */; };
		AA4A96C32BC011290002A7ED /* PlayllistStyle.swift in Sources */ = {isa = PBXBuildFile; fileRef = AA4A96C22BC011290002A7ED /* PlayllistStyle.swift */; };
		AA4A96C72BC016880002A7ED /* DailyMixPlaylistCoverView.swift in Sources */ = {isa = PBXBuildFile; fileRef = AA4A96C62BC016880002A7ED /* DailyMixPlaylistCoverView.swift */; };
		AA4A96CA2BC077DF0002A7ED /* LavaLampA.swift in Sources */ = {isa = PBXBuildFile; fileRef = AA4A96C92BC077DF0002A7ED /* LavaLampA.swift */; };
		AA4A96CD2BC0E3960002A7ED /* ArtistService.swift in Sources */ = {isa = PBXBuildFile; fileRef = AA4A96CC2BC0E3960002A7ED /* ArtistService.swift */; };
		AA4A96CF2BC0E3FB0002A7ED /* Artist.swift in Sources */ = {isa = PBXBuildFile; fileRef = AA4A96CE2BC0E3FB0002A7ED /* Artist.swift */; };
		AA4A96D42BC0E6260002A7ED /* RapidAPIKey.swift in Sources */ = {isa = PBXBuildFile; fileRef = AA4A96D32BC0E6260002A7ED /* RapidAPIKey.swift */; };
		AA4A96D62BC21CB10002A7ED /* LavaLampB.swift in Sources */ = {isa = PBXBuildFile; fileRef = AA4A96D52BC21CB10002A7ED /* LavaLampB.swift */; };
		AA4A96D82BC226270002A7ED /* LavaLampC.swift in Sources */ = {isa = PBXBuildFile; fileRef = AA4A96D72BC226270002A7ED /* LavaLampC.swift */; };
		AA4E9E852BB8ED8C0093C769 /* View-ThemeColors.swift in Sources */ = {isa = PBXBuildFile; fileRef = AA4E9E842BB8ED8C0093C769 /* View-ThemeColors.swift */; };
		AA4E9E872BB8EDE70093C769 /* SpotifyNewReleaseCell.swift in Sources */ = {isa = PBXBuildFile; fileRef = AA4E9E862BB8EDE70093C769 /* SpotifyNewReleaseCell.swift */; };
		AA5F591B2BBA1D6F00ACF054 /* SpotifyPlaylistView.swift in Sources */ = {isa = PBXBuildFile; fileRef = AA5F591A2BBA1D6F00ACF054 /* SpotifyPlaylistView.swift */; };
		AA5F591D2BBA1DAB00ACF054 /* PlaylistHeaderCell.swift in Sources */ = {isa = PBXBuildFile; fileRef = AA5F591C2BBA1DAB00ACF054 /* PlaylistHeaderCell.swift */; };
		AA5F591F2BBA232100ACF054 /* PlaylistDescriptionCell.swift in Sources */ = {isa = PBXBuildFile; fileRef = AA5F591E2BBA232100ACF054 /* PlaylistDescriptionCell.swift */; };
		AAC0A5C22BC4EC09001CF3F6 /* SpotifyCloneTests.swift in Sources */ = {isa = PBXBuildFile; fileRef = AAC0A5C12BC4EC09001CF3F6 /* SpotifyCloneTests.swift */; };
		AAC0A5C42BC4EC09001CF3F6 /* SpotifyCloneTestsLaunchTests.swift in Sources */ = {isa = PBXBuildFile; fileRef = AAC0A5C32BC4EC09001CF3F6 /* SpotifyCloneTestsLaunchTests.swift */; };
		AADD103E2BB4C35900E2DE4B /* SpotifyCloneApp.swift in Sources */ = {isa = PBXBuildFile; fileRef = AADD103D2BB4C35900E2DE4B /* SpotifyCloneApp.swift */; };
		AADD10402BB4C35900E2DE4B /* ContentView.swift in Sources */ = {isa = PBXBuildFile; fileRef = AADD103F2BB4C35900E2DE4B /* ContentView.swift */; };
		AADD10422BB4C35B00E2DE4B /* Assets.xcassets in Resources */ = {isa = PBXBuildFile; fileRef = AADD10412BB4C35B00E2DE4B /* Assets.xcassets */; };
		AADD10452BB4C35B00E2DE4B /* Preview Assets.xcassets in Resources */ = {isa = PBXBuildFile; fileRef = AADD10442BB4C35B00E2DE4B /* Preview Assets.xcassets */; };
		AADD104D2BB4C3C300E2DE4B /* SDWebImageSwiftUI in Frameworks */ = {isa = PBXBuildFile; productRef = AADD104C2BB4C3C300E2DE4B /* SDWebImageSwiftUI */; };
		AADD10502BB4C3EA00E2DE4B /* ImageLoaderView.swift in Sources */ = {isa = PBXBuildFile; fileRef = AADD104F2BB4C3EA00E2DE4B /* ImageLoaderView.swift */; };
		AADD10522BB4C49C00E2DE4B /* Constants.swift in Sources */ = {isa = PBXBuildFile; fileRef = AADD10512BB4C49C00E2DE4B /* Constants.swift */; };
		AADD10542BB4C6BC00E2DE4B /* DataBaseHelper.swift in Sources */ = {isa = PBXBuildFile; fileRef = AADD10532BB4C6BC00E2DE4B /* DataBaseHelper.swift */; };
		AADD10572BB4C92B00E2DE4B /* User.swift in Sources */ = {isa = PBXBuildFile; fileRef = AADD10562BB4C92B00E2DE4B /* User.swift */; };
		AADD10592BB4C95400E2DE4B /* Product.swift in Sources */ = {isa = PBXBuildFile; fileRef = AADD10582BB4C95400E2DE4B /* Product.swift */; };
		AADD105C2BB4CB1600E2DE4B /* SwiftfulUI in Frameworks */ = {isa = PBXBuildFile; productRef = AADD105B2BB4CB1600E2DE4B /* SwiftfulUI */; };
		AADD105F2BB4CB6500E2DE4B /* SwiftfulRouting in Frameworks */ = {isa = PBXBuildFile; productRef = AADD105E2BB4CB6500E2DE4B /* SwiftfulRouting */; };
		AADD10632BB4CE7600E2DE4B /* SpotifyHomeView.swift in Sources */ = {isa = PBXBuildFile; fileRef = AADD10622BB4CE7600E2DE4B /* SpotifyHomeView.swift */; };
		AADD10672BB4D03500E2DE4B /* SpotifyCategoryCell.swift in Sources */ = {isa = PBXBuildFile; fileRef = AADD10662BB4D03500E2DE4B /* SpotifyCategoryCell.swift */; };
		AADD10692BB4D1D700E2DE4B /* Category.swift in Sources */ = {isa = PBXBuildFile; fileRef = AADD10682BB4D1D700E2DE4B /* Category.swift */; };
		AADD10732BB79CFB00E2DE4B /* SpotifyRecentsCell.swift in Sources */ = {isa = PBXBuildFile; fileRef = AADD10722BB79CFB00E2DE4B /* SpotifyRecentsCell.swift */; };
/* End PBXBuildFile section */

/* Begin PBXContainerItemProxy section */
		AAC0A5C52BC4EC09001CF3F6 /* PBXContainerItemProxy */ = {
			isa = PBXContainerItemProxy;
			containerPortal = AADD10322BB4C35900E2DE4B /* Project object */;
			proxyType = 1;
			remoteGlobalIDString = AADD10392BB4C35900E2DE4B;
			remoteInfo = SpotifyClone;
		};
/* End PBXContainerItemProxy section */

/* Begin PBXFileReference section */
		AA4A96BC2BBDD2120002A7ED /* SongRowCell.swift */ = {isa = PBXFileReference; lastKnownFileType = sourcecode.swift; path = SongRowCell.swift; sourceTree = "<group>"; };
		AA4A96BE2BBE3E6D0002A7ED /* UINavigationController-SwipeToDismiss.swift */ = {isa = PBXFileReference; lastKnownFileType = sourcecode.swift; path = "UINavigationController-SwipeToDismiss.swift"; sourceTree = "<group>"; };
		AA4A96C02BBF88DC0002A7ED /* YourTopMixesGridItem.swift */ = {isa = PBXFileReference; lastKnownFileType = sourcecode.swift; path = YourTopMixesGridItem.swift; sourceTree = "<group>"; };
		AA4A96C22BC011290002A7ED /* PlayllistStyle.swift */ = {isa = PBXFileReference; lastKnownFileType = sourcecode.swift; path = PlayllistStyle.swift; sourceTree = "<group>"; };
		AA4A96C62BC016880002A7ED /* DailyMixPlaylistCoverView.swift */ = {isa = PBXFileReference; lastKnownFileType = sourcecode.swift; path = DailyMixPlaylistCoverView.swift; sourceTree = "<group>"; };
		AA4A96C92BC077DF0002A7ED /* LavaLampA.swift */ = {isa = PBXFileReference; lastKnownFileType = sourcecode.swift; path = LavaLampA.swift; sourceTree = "<group>"; };
		AA4A96CC2BC0E3960002A7ED /* ArtistService.swift */ = {isa = PBXFileReference; lastKnownFileType = sourcecode.swift; path = ArtistService.swift; sourceTree = "<group>"; };
		AA4A96CE2BC0E3FB0002A7ED /* Artist.swift */ = {isa = PBXFileReference; lastKnownFileType = sourcecode.swift; path = Artist.swift; sourceTree = "<group>"; };
		AA4A96D32BC0E6260002A7ED /* RapidAPIKey.swift */ = {isa = PBXFileReference; lastKnownFileType = sourcecode.swift; path = RapidAPIKey.swift; sourceTree = "<group>"; };
		AA4A96D52BC21CB10002A7ED /* LavaLampB.swift */ = {isa = PBXFileReference; lastKnownFileType = sourcecode.swift; path = LavaLampB.swift; sourceTree = "<group>"; };
		AA4A96D72BC226270002A7ED /* LavaLampC.swift */ = {isa = PBXFileReference; lastKnownFileType = sourcecode.swift; path = LavaLampC.swift; sourceTree = "<group>"; };
		AA4E9E842BB8ED8C0093C769 /* View-ThemeColors.swift */ = {isa = PBXFileReference; lastKnownFileType = sourcecode.swift; path = "View-ThemeColors.swift"; sourceTree = "<group>"; };
		AA4E9E862BB8EDE70093C769 /* SpotifyNewReleaseCell.swift */ = {isa = PBXFileReference; lastKnownFileType = sourcecode.swift; path = SpotifyNewReleaseCell.swift; sourceTree = "<group>"; };
		AA5F591A2BBA1D6F00ACF054 /* SpotifyPlaylistView.swift */ = {isa = PBXFileReference; lastKnownFileType = sourcecode.swift; path = SpotifyPlaylistView.swift; sourceTree = "<group>"; };
		AA5F591C2BBA1DAB00ACF054 /* PlaylistHeaderCell.swift */ = {isa = PBXFileReference; lastKnownFileType = sourcecode.swift; path = PlaylistHeaderCell.swift; sourceTree = "<group>"; };
		AA5F591E2BBA232100ACF054 /* PlaylistDescriptionCell.swift */ = {isa = PBXFileReference; lastKnownFileType = sourcecode.swift; path = PlaylistDescriptionCell.swift; sourceTree = "<group>"; };
		AAC0A5BF2BC4EC09001CF3F6 /* SpotifyCloneTests.xctest */ = {isa = PBXFileReference; explicitFileType = wrapper.cfbundle; includeInIndex = 0; path = SpotifyCloneTests.xctest; sourceTree = BUILT_PRODUCTS_DIR; };
		AAC0A5C12BC4EC09001CF3F6 /* SpotifyCloneTests.swift */ = {isa = PBXFileReference; lastKnownFileType = sourcecode.swift; path = SpotifyCloneTests.swift; sourceTree = "<group>"; };
		AAC0A5C32BC4EC09001CF3F6 /* SpotifyCloneTestsLaunchTests.swift */ = {isa = PBXFileReference; lastKnownFileType = sourcecode.swift; path = SpotifyCloneTestsLaunchTests.swift; sourceTree = "<group>"; };
		AADD103A2BB4C35900E2DE4B /* SpotifyClone.app */ = {isa = PBXFileReference; explicitFileType = wrapper.application; includeInIndex = 0; path = SpotifyClone.app; sourceTree = BUILT_PRODUCTS_DIR; };
		AADD103D2BB4C35900E2DE4B /* SpotifyCloneApp.swift */ = {isa = PBXFileReference; lastKnownFileType = sourcecode.swift; path = SpotifyCloneApp.swift; sourceTree = "<group>"; };
		AADD103F2BB4C35900E2DE4B /* ContentView.swift */ = {isa = PBXFileReference; lastKnownFileType = sourcecode.swift; path = ContentView.swift; sourceTree = "<group>"; };
		AADD10412BB4C35B00E2DE4B /* Assets.xcassets */ = {isa = PBXFileReference; lastKnownFileType = folder.assetcatalog; path = Assets.xcassets; sourceTree = "<group>"; };
		AADD10442BB4C35B00E2DE4B /* Preview Assets.xcassets */ = {isa = PBXFileReference; lastKnownFileType = folder.assetcatalog; path = "Preview Assets.xcassets"; sourceTree = "<group>"; };
		AADD104F2BB4C3EA00E2DE4B /* ImageLoaderView.swift */ = {isa = PBXFileReference; lastKnownFileType = sourcecode.swift; path = ImageLoaderView.swift; sourceTree = "<group>"; };
		AADD10512BB4C49C00E2DE4B /* Constants.swift */ = {isa = PBXFileReference; lastKnownFileType = sourcecode.swift; path = Constants.swift; sourceTree = "<group>"; };
		AADD10532BB4C6BC00E2DE4B /* DataBaseHelper.swift */ = {isa = PBXFileReference; lastKnownFileType = sourcecode.swift; path = DataBaseHelper.swift; sourceTree = "<group>"; };
		AADD10562BB4C92B00E2DE4B /* User.swift */ = {isa = PBXFileReference; lastKnownFileType = sourcecode.swift; path = User.swift; sourceTree = "<group>"; };
		AADD10582BB4C95400E2DE4B /* Product.swift */ = {isa = PBXFileReference; lastKnownFileType = sourcecode.swift; path = Product.swift; sourceTree = "<group>"; };
		AADD10622BB4CE7600E2DE4B /* SpotifyHomeView.swift */ = {isa = PBXFileReference; lastKnownFileType = sourcecode.swift; path = SpotifyHomeView.swift; sourceTree = "<group>"; };
		AADD10662BB4D03500E2DE4B /* SpotifyCategoryCell.swift */ = {isa = PBXFileReference; lastKnownFileType = sourcecode.swift; path = SpotifyCategoryCell.swift; sourceTree = "<group>"; };
		AADD10682BB4D1D700E2DE4B /* Category.swift */ = {isa = PBXFileReference; lastKnownFileType = sourcecode.swift; path = Category.swift; sourceTree = "<group>"; };
		AADD10722BB79CFB00E2DE4B /* SpotifyRecentsCell.swift */ = {isa = PBXFileReference; lastKnownFileType = sourcecode.swift; path = SpotifyRecentsCell.swift; sourceTree = "<group>"; };
/* End PBXFileReference section */

/* Begin PBXFrameworksBuildPhase section */
		AAC0A5BC2BC4EC09001CF3F6 /* Frameworks */ = {
			isa = PBXFrameworksBuildPhase;
			buildActionMask = 2147483647;
			files = (
			);
			runOnlyForDeploymentPostprocessing = 0;
		};
		AADD10372BB4C35900E2DE4B /* Frameworks */ = {
			isa = PBXFrameworksBuildPhase;
			buildActionMask = 2147483647;
			files = (
				AADD105C2BB4CB1600E2DE4B /* SwiftfulUI in Frameworks */,
				AADD105F2BB4CB6500E2DE4B /* SwiftfulRouting in Frameworks */,
				AADD104D2BB4C3C300E2DE4B /* SDWebImageSwiftUI in Frameworks */,
			);
			runOnlyForDeploymentPostprocessing = 0;
		};
/* End PBXFrameworksBuildPhase section */

/* Begin PBXGroup section */
		AA4A96C82BC077AB0002A7ED /* Shapes */ = {
			isa = PBXGroup;
			children = (
				AA4A96C92BC077DF0002A7ED /* LavaLampA.swift */,
				AA4A96D52BC21CB10002A7ED /* LavaLampB.swift */,
				AA4A96D72BC226270002A7ED /* LavaLampC.swift */,
			);
			path = Shapes;
			sourceTree = "<group>";
		};
		AA4A96CB2BC0E3540002A7ED /* Services */ = {
			isa = PBXGroup;
			children = (
			);
			path = Services;
			sourceTree = "<group>";
		};
		AA4A96D02BC0E4710002A7ED /* Keys */ = {
			isa = PBXGroup;
			children = (
				AA4A96D32BC0E6260002A7ED /* RapidAPIKey.swift */,
			);
			path = Keys;
			sourceTree = "<group>";
		};
		AA4E9E822BB8ED5D0093C769 /* Ext */ = {
			isa = PBXGroup;
			children = (
				AA4E9E842BB8ED8C0093C769 /* View-ThemeColors.swift */,
				AA4A96BE2BBE3E6D0002A7ED /* UINavigationController-SwipeToDismiss.swift */,
			);
			path = Ext;
			sourceTree = "<group>";
		};
		AAC0A5C02BC4EC09001CF3F6 /* SpotifyCloneTests */ = {
			isa = PBXGroup;
			children = (
				AAC0A5C12BC4EC09001CF3F6 /* SpotifyCloneTests.swift */,
				AAC0A5C32BC4EC09001CF3F6 /* SpotifyCloneTestsLaunchTests.swift */,
			);
			path = SpotifyCloneTests;
			sourceTree = "<group>";
		};
		AADD10312BB4C35900E2DE4B = {
			isa = PBXGroup;
			children = (
				AADD103C2BB4C35900E2DE4B /* SpotifyClone */,
				AAC0A5C02BC4EC09001CF3F6 /* SpotifyCloneTests */,
				AADD103B2BB4C35900E2DE4B /* Products */,
			);
			sourceTree = "<group>";
		};
		AADD103B2BB4C35900E2DE4B /* Products */ = {
			isa = PBXGroup;
			children = (
				AADD103A2BB4C35900E2DE4B /* SpotifyClone.app */,
				AAC0A5BF2BC4EC09001CF3F6 /* SpotifyCloneTests.xctest */,
			);
			name = Products;
			sourceTree = "<group>";
		};
		AADD103C2BB4C35900E2DE4B /* SpotifyClone */ = {
			isa = PBXGroup;
			children = (
				AA4A96CB2BC0E3540002A7ED /* Services */,
				AADD103D2BB4C35900E2DE4B /* SpotifyCloneApp.swift */,
				AADD103F2BB4C35900E2DE4B /* ContentView.swift */,
				AADD10612BB4CE6400E2DE4B /* Core */,
				AADD10602BB4CE6100E2DE4B /* Components */,
				AA4E9E822BB8ED5D0093C769 /* Ext */,
				AA4A96D02BC0E4710002A7ED /* Keys */,
				AADD10552BB4C91900E2DE4B /* Models */,
				AA4A96C82BC077AB0002A7ED /* Shapes */,
				AADD104E2BB4C3DE00E2DE4B /* Shared */,
				AADD10412BB4C35B00E2DE4B /* Assets.xcassets */,
				AADD10432BB4C35B00E2DE4B /* Preview Content */,
			);
			path = SpotifyClone;
			sourceTree = "<group>";
		};
		AADD10432BB4C35B00E2DE4B /* Preview Content */ = {
			isa = PBXGroup;
			children = (
				AADD10442BB4C35B00E2DE4B /* Preview Assets.xcassets */,
			);
			path = "Preview Content";
			sourceTree = "<group>";
		};
		AADD104E2BB4C3DE00E2DE4B /* Shared */ = {
			isa = PBXGroup;
			children = (
				AADD104F2BB4C3EA00E2DE4B /* ImageLoaderView.swift */,
				AADD10512BB4C49C00E2DE4B /* Constants.swift */,
				AADD10532BB4C6BC00E2DE4B /* DataBaseHelper.swift */,
			);
			path = Shared;
			sourceTree = "<group>";
		};
		AADD10552BB4C91900E2DE4B /* Models */ = {
			isa = PBXGroup;
			children = (
				AADD10562BB4C92B00E2DE4B /* User.swift */,
				AA4A96CC2BC0E3960002A7ED /* ArtistService.swift */,
				AA4A96CE2BC0E3FB0002A7ED /* Artist.swift */,
				AA4A96C22BC011290002A7ED /* PlayllistStyle.swift */,
				AADD10582BB4C95400E2DE4B /* Product.swift */,
				AADD10682BB4D1D700E2DE4B /* Category.swift */,
			);
			path = Models;
			sourceTree = "<group>";
		};
		AADD10602BB4CE6100E2DE4B /* Components */ = {
			isa = PBXGroup;
			children = (
				AADD10662BB4D03500E2DE4B /* SpotifyCategoryCell.swift */,
				AA5F591E2BBA232100ACF054 /* PlaylistDescriptionCell.swift */,
				AA5F591C2BBA1DAB00ACF054 /* PlaylistHeaderCell.swift */,
				AA4A96BC2BBDD2120002A7ED /* SongRowCell.swift */,
				AA4A96C02BBF88DC0002A7ED /* YourTopMixesGridItem.swift */,
				AA4A96C62BC016880002A7ED /* DailyMixPlaylistCoverView.swift */,
				AA4E9E862BB8EDE70093C769 /* SpotifyNewReleaseCell.swift */,
				AADD10722BB79CFB00E2DE4B /* SpotifyRecentsCell.swift */,
			);
			path = Components;
			sourceTree = "<group>";
		};
		AADD10612BB4CE6400E2DE4B /* Core */ = {
			isa = PBXGroup;
			children = (
				AADD10622BB4CE7600E2DE4B /* SpotifyHomeView.swift */,
				AA5F591A2BBA1D6F00ACF054 /* SpotifyPlaylistView.swift */,
			);
			path = Core;
			sourceTree = "<group>";
		};
/* End PBXGroup section */

/* Begin PBXNativeTarget section */
		AAC0A5BE2BC4EC09001CF3F6 /* SpotifyCloneTests */ = {
			isa = PBXNativeTarget;
			buildConfigurationList = AAC0A5C92BC4EC09001CF3F6 /* Build configuration list for PBXNativeTarget "SpotifyCloneTests" */;
			buildPhases = (
				AAC0A5BB2BC4EC09001CF3F6 /* Sources */,
				AAC0A5BC2BC4EC09001CF3F6 /* Frameworks */,
				AAC0A5BD2BC4EC09001CF3F6 /* Resources */,
			);
			buildRules = (
			);
			dependencies = (
				AAC0A5C62BC4EC09001CF3F6 /* PBXTargetDependency */,
			);
			name = SpotifyCloneTests;
			productName = SpotifyCloneTests;
			productReference = AAC0A5BF2BC4EC09001CF3F6 /* SpotifyCloneTests.xctest */;
			productType = "com.apple.product-type.bundle.ui-testing";
		};
		AADD10392BB4C35900E2DE4B /* SpotifyClone */ = {
			isa = PBXNativeTarget;
			buildConfigurationList = AADD10482BB4C35B00E2DE4B /* Build configuration list for PBXNativeTarget "SpotifyClone" */;
			buildPhases = (
				AADD10362BB4C35900E2DE4B /* Sources */,
				AADD10372BB4C35900E2DE4B /* Frameworks */,
				AADD10382BB4C35900E2DE4B /* Resources */,
			);
			buildRules = (
			);
			dependencies = (
			);
			name = SpotifyClone;
			packageProductDependencies = (
				AADD104C2BB4C3C300E2DE4B /* SDWebImageSwiftUI */,
				AADD105B2BB4CB1600E2DE4B /* SwiftfulUI */,
				AADD105E2BB4CB6500E2DE4B /* SwiftfulRouting */,
			);
			productName = SpotifyClone;
			productReference = AADD103A2BB4C35900E2DE4B /* SpotifyClone.app */;
			productType = "com.apple.product-type.application";
		};
/* End PBXNativeTarget section */

/* Begin PBXProject section */
		AADD10322BB4C35900E2DE4B /* Project object */ = {
			isa = PBXProject;
			attributes = {
				BuildIndependentTargetsInParallel = 1;
				LastSwiftUpdateCheck = 1530;
				LastUpgradeCheck = 1530;
				TargetAttributes = {
					AAC0A5BE2BC4EC09001CF3F6 = {
						CreatedOnToolsVersion = 15.3;
						TestTargetID = AADD10392BB4C35900E2DE4B;
					};
					AADD10392BB4C35900E2DE4B = {
						CreatedOnToolsVersion = 15.3;
					};
				};
			};
			buildConfigurationList = AADD10352BB4C35900E2DE4B /* Build configuration list for PBXProject "SpotifyClone" */;
			compatibilityVersion = "Xcode 14.0";
			developmentRegion = en;
			hasScannedForEncodings = 0;
			knownRegions = (
				en,
				Base,
			);
			mainGroup = AADD10312BB4C35900E2DE4B;
			packageReferences = (
				AADD104B2BB4C3C300E2DE4B /* XCRemoteSwiftPackageReference "SDWebImageSwiftUI" */,
				AADD105A2BB4CB1600E2DE4B /* XCRemoteSwiftPackageReference "SwiftfulUI" */,
				AADD105D2BB4CB6500E2DE4B /* XCRemoteSwiftPackageReference "SwiftfulRouting" */,
			);
			productRefGroup = AADD103B2BB4C35900E2DE4B /* Products */;
			projectDirPath = "";
			projectRoot = "";
			targets = (
				AADD10392BB4C35900E2DE4B /* SpotifyClone */,
				AAC0A5BE2BC4EC09001CF3F6 /* SpotifyCloneTests */,
			);
		};
/* End PBXProject section */

/* Begin PBXResourcesBuildPhase section */
		AAC0A5BD2BC4EC09001CF3F6 /* Resources */ = {
			isa = PBXResourcesBuildPhase;
			buildActionMask = 2147483647;
			files = (
			);
			runOnlyForDeploymentPostprocessing = 0;
		};
		AADD10382BB4C35900E2DE4B /* Resources */ = {
			isa = PBXResourcesBuildPhase;
			buildActionMask = 2147483647;
			files = (
				AADD10452BB4C35B00E2DE4B /* Preview Assets.xcassets in Resources */,
				AADD10422BB4C35B00E2DE4B /* Assets.xcassets in Resources */,
			);
			runOnlyForDeploymentPostprocessing = 0;
		};
/* End PBXResourcesBuildPhase section */

/* Begin PBXSourcesBuildPhase section */
		AAC0A5BB2BC4EC09001CF3F6 /* Sources */ = {
			isa = PBXSourcesBuildPhase;
			buildActionMask = 2147483647;
			files = (
				AAC0A5C22BC4EC09001CF3F6 /* SpotifyCloneTests.swift in Sources */,
				AAC0A5C42BC4EC09001CF3F6 /* SpotifyCloneTestsLaunchTests.swift in Sources */,
			);
			runOnlyForDeploymentPostprocessing = 0;
		};
		AADD10362BB4C35900E2DE4B /* Sources */ = {
			isa = PBXSourcesBuildPhase;
			buildActionMask = 2147483647;
			files = (
				AA4A96C32BC011290002A7ED /* PlayllistStyle.swift in Sources */,
				AA4A96C12BBF88DC0002A7ED /* YourTopMixesGridItem.swift in Sources */,
				AA4A96D82BC226270002A7ED /* LavaLampC.swift in Sources */,
				AADD10502BB4C3EA00E2DE4B /* ImageLoaderView.swift in Sources */,
				AADD10692BB4D1D700E2DE4B /* Category.swift in Sources */,
				AA4A96C72BC016880002A7ED /* DailyMixPlaylistCoverView.swift in Sources */,
				AA4E9E872BB8EDE70093C769 /* SpotifyNewReleaseCell.swift in Sources */,
				AA4A96CF2BC0E3FB0002A7ED /* Artist.swift in Sources */,
				AA4A96D42BC0E6260002A7ED /* RapidAPIKey.swift in Sources */,
				AA5F591B2BBA1D6F00ACF054 /* SpotifyPlaylistView.swift in Sources */,
				AADD10672BB4D03500E2DE4B /* SpotifyCategoryCell.swift in Sources */,
				AA4A96BD2BBDD2120002A7ED /* SongRowCell.swift in Sources */,
				AADD10402BB4C35900E2DE4B /* ContentView.swift in Sources */,
				AA4A96D62BC21CB10002A7ED /* LavaLampB.swift in Sources */,
				AA4A96CA2BC077DF0002A7ED /* LavaLampA.swift in Sources */,
				AADD10632BB4CE7600E2DE4B /* SpotifyHomeView.swift in Sources */,
				AADD10572BB4C92B00E2DE4B /* User.swift in Sources */,
				AA4A96CD2BC0E3960002A7ED /* ArtistService.swift in Sources */,
				AA4A96BF2BBE3E6D0002A7ED /* UINavigationController-SwipeToDismiss.swift in Sources */,
				AADD103E2BB4C35900E2DE4B /* SpotifyCloneApp.swift in Sources */,
				AADD10522BB4C49C00E2DE4B /* Constants.swift in Sources */,
				AADD10732BB79CFB00E2DE4B /* SpotifyRecentsCell.swift in Sources */,
				AADD10542BB4C6BC00E2DE4B /* DataBaseHelper.swift in Sources */,
				AA4E9E852BB8ED8C0093C769 /* View-ThemeColors.swift in Sources */,
				AADD10592BB4C95400E2DE4B /* Product.swift in Sources */,
				AA5F591D2BBA1DAB00ACF054 /* PlaylistHeaderCell.swift in Sources */,
				AA5F591F2BBA232100ACF054 /* PlaylistDescriptionCell.swift in Sources */,
			);
			runOnlyForDeploymentPostprocessing = 0;
		};
/* End PBXSourcesBuildPhase section */

/* Begin PBXTargetDependency section */
		AAC0A5C62BC4EC09001CF3F6 /* PBXTargetDependency */ = {
			isa = PBXTargetDependency;
			target = AADD10392BB4C35900E2DE4B /* SpotifyClone */;
			targetProxy = AAC0A5C52BC4EC09001CF3F6 /* PBXContainerItemProxy */;
		};
/* End PBXTargetDependency section */

/* Begin XCBuildConfiguration section */
		AAC0A5C72BC4EC09001CF3F6 /* Debug */ = {
			isa = XCBuildConfiguration;
			buildSettings = {
				CODE_SIGN_STYLE = Automatic;
				CURRENT_PROJECT_VERSION = 1;
				DEVELOPMENT_TEAM = N6RF4M6NH8;
				GENERATE_INFOPLIST_FILE = YES;
				MARKETING_VERSION = 1.0;
				PRODUCT_BUNDLE_IDENTIFIER = com.christianlavelle.SpotifyCloneTests;
				PRODUCT_NAME = "$(TARGET_NAME)";
				SWIFT_EMIT_LOC_STRINGS = NO;
				SWIFT_VERSION = 5.0;
				TARGETED_DEVICE_FAMILY = "1,2";
				TEST_TARGET_NAME = SpotifyClone;
			};
			name = Debug;
		};
		AAC0A5C82BC4EC09001CF3F6 /* Release */ = {
			isa = XCBuildConfiguration;
			buildSettings = {
				CODE_SIGN_STYLE = Automatic;
				CURRENT_PROJECT_VERSION = 1;
				DEVELOPMENT_TEAM = N6RF4M6NH8;
				GENERATE_INFOPLIST_FILE = YES;
				MARKETING_VERSION = 1.0;
				PRODUCT_BUNDLE_IDENTIFIER = com.christianlavelle.SpotifyCloneTests;
				PRODUCT_NAME = "$(TARGET_NAME)";
				SWIFT_EMIT_LOC_STRINGS = NO;
				SWIFT_VERSION = 5.0;
				TARGETED_DEVICE_FAMILY = "1,2";
				TEST_TARGET_NAME = SpotifyClone;
			};
			name = Release;
		};
		AADD10462BB4C35B00E2DE4B /* Debug */ = {
			isa = XCBuildConfiguration;
			buildSettings = {
				ALWAYS_SEARCH_USER_PATHS = NO;
				ASSETCATALOG_COMPILER_GENERATE_SWIFT_ASSET_SYMBOL_EXTENSIONS = YES;
				CLANG_ANALYZER_NONNULL = YES;
				CLANG_ANALYZER_NUMBER_OBJECT_CONVERSION = YES_AGGRESSIVE;
				CLANG_CXX_LANGUAGE_STANDARD = "gnu++20";
				CLANG_ENABLE_MODULES = YES;
				CLANG_ENABLE_OBJC_ARC = YES;
				CLANG_ENABLE_OBJC_WEAK = YES;
				CLANG_WARN_BLOCK_CAPTURE_AUTORELEASING = YES;
				CLANG_WARN_BOOL_CONVERSION = YES;
				CLANG_WARN_COMMA = YES;
				CLANG_WARN_CONSTANT_CONVERSION = YES;
				CLANG_WARN_DEPRECATED_OBJC_IMPLEMENTATIONS = YES;
				CLANG_WARN_DIRECT_OBJC_ISA_USAGE = YES_ERROR;
				CLANG_WARN_DOCUMENTATION_COMMENTS = YES;
				CLANG_WARN_EMPTY_BODY = YES;
				CLANG_WARN_ENUM_CONVERSION = YES;
				CLANG_WARN_INFINITE_RECURSION = YES;
				CLANG_WARN_INT_CONVERSION = YES;
				CLANG_WARN_NON_LITERAL_NULL_CONVERSION = YES;
				CLANG_WARN_OBJC_IMPLICIT_RETAIN_SELF = YES;
				CLANG_WARN_OBJC_LITERAL_CONVERSION = YES;
				CLANG_WARN_OBJC_ROOT_CLASS = YES_ERROR;
				CLANG_WARN_QUOTED_INCLUDE_IN_FRAMEWORK_HEADER = YES;
				CLANG_WARN_RANGE_LOOP_ANALYSIS = YES;
				CLANG_WARN_STRICT_PROTOTYPES = YES;
				CLANG_WARN_SUSPICIOUS_MOVE = YES;
				CLANG_WARN_UNGUARDED_AVAILABILITY = YES_AGGRESSIVE;
				CLANG_WARN_UNREACHABLE_CODE = YES;
				CLANG_WARN__DUPLICATE_METHOD_MATCH = YES;
				COPY_PHASE_STRIP = NO;
				DEBUG_INFORMATION_FORMAT = dwarf;
				ENABLE_STRICT_OBJC_MSGSEND = YES;
				ENABLE_TESTABILITY = YES;
				ENABLE_USER_SCRIPT_SANDBOXING = YES;
				GCC_C_LANGUAGE_STANDARD = gnu17;
				GCC_DYNAMIC_NO_PIC = NO;
				GCC_NO_COMMON_BLOCKS = YES;
				GCC_OPTIMIZATION_LEVEL = 0;
				GCC_PREPROCESSOR_DEFINITIONS = (
					"DEBUG=1",
					"$(inherited)",
				);
				GCC_WARN_64_TO_32_BIT_CONVERSION = YES;
				GCC_WARN_ABOUT_RETURN_TYPE = YES_ERROR;
				GCC_WARN_UNDECLARED_SELECTOR = YES;
				GCC_WARN_UNINITIALIZED_AUTOS = YES_AGGRESSIVE;
				GCC_WARN_UNUSED_FUNCTION = YES;
				GCC_WARN_UNUSED_VARIABLE = YES;
				IPHONEOS_DEPLOYMENT_TARGET = 17.4;
				LOCALIZATION_PREFERS_STRING_CATALOGS = YES;
				MTL_ENABLE_DEBUG_INFO = INCLUDE_SOURCE;
				MTL_FAST_MATH = YES;
				ONLY_ACTIVE_ARCH = YES;
				SDKROOT = iphoneos;
				SWIFT_ACTIVE_COMPILATION_CONDITIONS = "DEBUG $(inherited)";
				SWIFT_OPTIMIZATION_LEVEL = "-Onone";
			};
			name = Debug;
		};
		AADD10472BB4C35B00E2DE4B /* Release */ = {
			isa = XCBuildConfiguration;
			buildSettings = {
				ALWAYS_SEARCH_USER_PATHS = NO;
				ASSETCATALOG_COMPILER_GENERATE_SWIFT_ASSET_SYMBOL_EXTENSIONS = YES;
				CLANG_ANALYZER_NONNULL = YES;
				CLANG_ANALYZER_NUMBER_OBJECT_CONVERSION = YES_AGGRESSIVE;
				CLANG_CXX_LANGUAGE_STANDARD = "gnu++20";
				CLANG_ENABLE_MODULES = YES;
				CLANG_ENABLE_OBJC_ARC = YES;
				CLANG_ENABLE_OBJC_WEAK = YES;
				CLANG_WARN_BLOCK_CAPTURE_AUTORELEASING = YES;
				CLANG_WARN_BOOL_CONVERSION = YES;
				CLANG_WARN_COMMA = YES;
				CLANG_WARN_CONSTANT_CONVERSION = YES;
				CLANG_WARN_DEPRECATED_OBJC_IMPLEMENTATIONS = YES;
				CLANG_WARN_DIRECT_OBJC_ISA_USAGE = YES_ERROR;
				CLANG_WARN_DOCUMENTATION_COMMENTS = YES;
				CLANG_WARN_EMPTY_BODY = YES;
				CLANG_WARN_ENUM_CONVERSION = YES;
				CLANG_WARN_INFINITE_RECURSION = YES;
				CLANG_WARN_INT_CONVERSION = YES;
				CLANG_WARN_NON_LITERAL_NULL_CONVERSION = YES;
				CLANG_WARN_OBJC_IMPLICIT_RETAIN_SELF = YES;
				CLANG_WARN_OBJC_LITERAL_CONVERSION = YES;
				CLANG_WARN_OBJC_ROOT_CLASS = YES_ERROR;
				CLANG_WARN_QUOTED_INCLUDE_IN_FRAMEWORK_HEADER = YES;
				CLANG_WARN_RANGE_LOOP_ANALYSIS = YES;
				CLANG_WARN_STRICT_PROTOTYPES = YES;
				CLANG_WARN_SUSPICIOUS_MOVE = YES;
				CLANG_WARN_UNGUARDED_AVAILABILITY = YES_AGGRESSIVE;
				CLANG_WARN_UNREACHABLE_CODE = YES;
				CLANG_WARN__DUPLICATE_METHOD_MATCH = YES;
				COPY_PHASE_STRIP = NO;
				DEBUG_INFORMATION_FORMAT = "dwarf-with-dsym";
				ENABLE_NS_ASSERTIONS = NO;
				ENABLE_STRICT_OBJC_MSGSEND = YES;
				ENABLE_USER_SCRIPT_SANDBOXING = YES;
				GCC_C_LANGUAGE_STANDARD = gnu17;
				GCC_NO_COMMON_BLOCKS = YES;
				GCC_WARN_64_TO_32_BIT_CONVERSION = YES;
				GCC_WARN_ABOUT_RETURN_TYPE = YES_ERROR;
				GCC_WARN_UNDECLARED_SELECTOR = YES;
				GCC_WARN_UNINITIALIZED_AUTOS = YES_AGGRESSIVE;
				GCC_WARN_UNUSED_FUNCTION = YES;
				GCC_WARN_UNUSED_VARIABLE = YES;
				IPHONEOS_DEPLOYMENT_TARGET = 17.4;
				LOCALIZATION_PREFERS_STRING_CATALOGS = YES;
				MTL_ENABLE_DEBUG_INFO = NO;
				MTL_FAST_MATH = YES;
				SDKROOT = iphoneos;
				SWIFT_COMPILATION_MODE = wholemodule;
				VALIDATE_PRODUCT = YES;
			};
			name = Release;
		};
		AADD10492BB4C35B00E2DE4B /* Debug */ = {
			isa = XCBuildConfiguration;
			buildSettings = {
				ASSETCATALOG_COMPILER_APPICON_NAME = AppIcon;
				ASSETCATALOG_COMPILER_GLOBAL_ACCENT_COLOR_NAME = AccentColor;
				CODE_SIGN_STYLE = Automatic;
				CURRENT_PROJECT_VERSION = 1;
				DEVELOPMENT_ASSET_PATHS = "\"SpotifyClone/Preview Content\"";
				DEVELOPMENT_TEAM = N6RF4M6NH8;
				ENABLE_PREVIEWS = YES;
				GENERATE_INFOPLIST_FILE = YES;
				INFOPLIST_KEY_UIApplicationSceneManifest_Generation = YES;
				INFOPLIST_KEY_UIApplicationSupportsIndirectInputEvents = YES;
				INFOPLIST_KEY_UILaunchScreen_Generation = YES;
				INFOPLIST_KEY_UISupportedInterfaceOrientations_iPad = "UIInterfaceOrientationPortrait UIInterfaceOrientationPortraitUpsideDown UIInterfaceOrientationLandscapeLeft UIInterfaceOrientationLandscapeRight";
				INFOPLIST_KEY_UISupportedInterfaceOrientations_iPhone = "UIInterfaceOrientationPortrait UIInterfaceOrientationLandscapeLeft UIInterfaceOrientationLandscapeRight";
				LD_RUNPATH_SEARCH_PATHS = (
					"$(inherited)",
					"@executable_path/Frameworks",
				);
				MARKETING_VERSION = 1.0;
				PRODUCT_BUNDLE_IDENTIFIER = com.christianlavelle.SpotifyClone;
				PRODUCT_NAME = "$(TARGET_NAME)";
				SWIFT_EMIT_LOC_STRINGS = YES;
				SWIFT_VERSION = 5.0;
				TARGETED_DEVICE_FAMILY = "1,2";
			};
			name = Debug;
		};
		AADD104A2BB4C35B00E2DE4B /* Release */ = {
			isa = XCBuildConfiguration;
			buildSettings = {
				ASSETCATALOG_COMPILER_APPICON_NAME = AppIcon;
				ASSETCATALOG_COMPILER_GLOBAL_ACCENT_COLOR_NAME = AccentColor;
				CODE_SIGN_STYLE = Automatic;
				CURRENT_PROJECT_VERSION = 1;
				DEVELOPMENT_ASSET_PATHS = "\"SpotifyClone/Preview Content\"";
				DEVELOPMENT_TEAM = N6RF4M6NH8;
				ENABLE_PREVIEWS = YES;
				GENERATE_INFOPLIST_FILE = YES;
				INFOPLIST_KEY_UIApplicationSceneManifest_Generation = YES;
				INFOPLIST_KEY_UIApplicationSupportsIndirectInputEvents = YES;
				INFOPLIST_KEY_UILaunchScreen_Generation = YES;
				INFOPLIST_KEY_UISupportedInterfaceOrientations_iPad = "UIInterfaceOrientationPortrait UIInterfaceOrientationPortraitUpsideDown UIInterfaceOrientationLandscapeLeft UIInterfaceOrientationLandscapeRight";
				INFOPLIST_KEY_UISupportedInterfaceOrientations_iPhone = "UIInterfaceOrientationPortrait UIInterfaceOrientationLandscapeLeft UIInterfaceOrientationLandscapeRight";
				LD_RUNPATH_SEARCH_PATHS = (
					"$(inherited)",
					"@executable_path/Frameworks",
				);
				MARKETING_VERSION = 1.0;
				PRODUCT_BUNDLE_IDENTIFIER = com.christianlavelle.SpotifyClone;
				PRODUCT_NAME = "$(TARGET_NAME)";
				SWIFT_EMIT_LOC_STRINGS = YES;
				SWIFT_VERSION = 5.0;
				TARGETED_DEVICE_FAMILY = "1,2";
			};
			name = Release;
		};
/* End XCBuildConfiguration section */

/* Begin XCConfigurationList section */
		AAC0A5C92BC4EC09001CF3F6 /* Build configuration list for PBXNativeTarget "SpotifyCloneTests" */ = {
			isa = XCConfigurationList;
			buildConfigurations = (
				AAC0A5C72BC4EC09001CF3F6 /* Debug */,
				AAC0A5C82BC4EC09001CF3F6 /* Release */,
			);
			defaultConfigurationIsVisible = 0;
			defaultConfigurationName = Release;
		};
		AADD10352BB4C35900E2DE4B /* Build configuration list for PBXProject "SpotifyClone" */ = {
			isa = XCConfigurationList;
			buildConfigurations = (
				AADD10462BB4C35B00E2DE4B /* Debug */,
				AADD10472BB4C35B00E2DE4B /* Release */,
			);
			defaultConfigurationIsVisible = 0;
			defaultConfigurationName = Release;
		};
		AADD10482BB4C35B00E2DE4B /* Build configuration list for PBXNativeTarget "SpotifyClone" */ = {
			isa = XCConfigurationList;
			buildConfigurations = (
				AADD10492BB4C35B00E2DE4B /* Debug */,
				AADD104A2BB4C35B00E2DE4B /* Release */,
			);
			defaultConfigurationIsVisible = 0;
			defaultConfigurationName = Release;
		};
/* End XCConfigurationList section */

/* Begin XCRemoteSwiftPackageReference section */
		AADD104B2BB4C3C300E2DE4B /* XCRemoteSwiftPackageReference "SDWebImageSwiftUI" */ = {
			isa = XCRemoteSwiftPackageReference;
			repositoryURL = "https://github.com/SDWebImage/SDWebImageSwiftUI.git";
			requirement = {
				kind = upToNextMajorVersion;
				minimumVersion = 3.0.2;
			};
		};
		AADD105A2BB4CB1600E2DE4B /* XCRemoteSwiftPackageReference "SwiftfulUI" */ = {
			isa = XCRemoteSwiftPackageReference;
			repositoryURL = "https://github.com/SwiftfulThinking/SwiftfulUI.git";
			requirement = {
				kind = upToNextMajorVersion;
				minimumVersion = 1.2.0;
			};
		};
		AADD105D2BB4CB6500E2DE4B /* XCRemoteSwiftPackageReference "SwiftfulRouting" */ = {
			isa = XCRemoteSwiftPackageReference;
			repositoryURL = "https://github.com/SwiftfulThinking/SwiftfulRouting.git";
			requirement = {
				kind = upToNextMajorVersion;
				minimumVersion = 5.3.2;
			};
		};
/* End XCRemoteSwiftPackageReference section */

/* Begin XCSwiftPackageProductDependency section */
		AADD104C2BB4C3C300E2DE4B /* SDWebImageSwiftUI */ = {
			isa = XCSwiftPackageProductDependency;
			package = AADD104B2BB4C3C300E2DE4B /* XCRemoteSwiftPackageReference "SDWebImageSwiftUI" */;
			productName = SDWebImageSwiftUI;
		};
		AADD105B2BB4CB1600E2DE4B /* SwiftfulUI */ = {
			isa = XCSwiftPackageProductDependency;
			package = AADD105A2BB4CB1600E2DE4B /* XCRemoteSwiftPackageReference "SwiftfulUI" */;
			productName = SwiftfulUI;
		};
		AADD105E2BB4CB6500E2DE4B /* SwiftfulRouting */ = {
			isa = XCSwiftPackageProductDependency;
			package = AADD105D2BB4CB6500E2DE4B /* XCRemoteSwiftPackageReference "SwiftfulRouting" */;
			productName = SwiftfulRouting;
		};
/* End XCSwiftPackageProductDependency section */
	};
	rootObject = AADD10322BB4C35900E2DE4B /* Project object */;
}
